// !$*UTF8*$!
{
	archiveVersion = 1;
	classes = {
	};
	objectVersion = 56;
	objects = {

/* Begin PBXBuildFile section */
		E636B9E02BE6FE7E002C1F22 /* makeSurface.cpp in Sources */ = {isa = PBXBuildFile; fileRef = E636B9DE2BE6FE7E002C1F22 /* makeSurface.cpp */; };
		E636B9E22BE6FF99002C1F22 /* makeProfile.cpp in Sources */ = {isa = PBXBuildFile; fileRef = E636B9E12BE6FF99002C1F22 /* makeProfile.cpp */; };
		E6B3E4832BD9F3100060A707 /* makeSpine.cpp in Sources */ = {isa = PBXBuildFile; fileRef = E6B3E4812BD9F3100060A707 /* makeSpine.cpp */; };
		E6B3E4842BD9F3100060A707 /* timeDeriv.cpp in Sources */ = {isa = PBXBuildFile; fileRef = E6B3E4822BD9F3100060A707 /* timeDeriv.cpp */; };
		E6F8417B2BDB3B3500EF1A7E /* main.cpp in Sources */ = {isa = PBXBuildFile; fileRef = E6F841792BDB3B3500EF1A7E /* main.cpp */; };
/* End PBXBuildFile section */

/* Begin PBXCopyFilesBuildPhase section */
		E6B3E4742BD9F2DB0060A707 /* CopyFiles */ = {
			isa = PBXCopyFilesBuildPhase;
			buildActionMask = 2147483647;
			dstPath = /usr/share/man/man1/;
			dstSubfolderSpec = 0;
			files = (
			);
			runOnlyForDeploymentPostprocessing = 1;
		};
/* End PBXCopyFilesBuildPhase section */

/* Begin PBXFileReference section */
		E636B9DE2BE6FE7E002C1F22 /* makeSurface.cpp */ = {isa = PBXFileReference; lastKnownFileType = sourcecode.cpp.cpp; path = makeSurface.cpp; sourceTree = "<group>"; };
		E636B9E12BE6FF99002C1F22 /* makeProfile.cpp */ = {isa = PBXFileReference; lastKnownFileType = sourcecode.cpp.cpp; path = makeProfile.cpp; sourceTree = "<group>"; };
		E6B3E4762BD9F2DB0060A707 /* occ_track */ = {isa = PBXFileReference; explicitFileType = "compiled.mach-o.executable"; includeInIndex = 0; path = occ_track; sourceTree = BUILT_PRODUCTS_DIR; };
		E6B3E4802BD9F3100060A707 /* occ_track.h */ = {isa = PBXFileReference; fileEncoding = 4; lastKnownFileType = sourcecode.c.h; path = occ_track.h; sourceTree = "<group>"; };
		E6B3E4812BD9F3100060A707 /* makeSpine.cpp */ = {isa = PBXFileReference; fileEncoding = 4; lastKnownFileType = sourcecode.cpp.cpp; path = makeSpine.cpp; sourceTree = "<group>"; };
		E6B3E4822BD9F3100060A707 /* timeDeriv.cpp */ = {isa = PBXFileReference; fileEncoding = 4; lastKnownFileType = sourcecode.cpp.cpp; path = timeDeriv.cpp; sourceTree = "<group>"; };
		E6F841792BDB3B3500EF1A7E /* main.cpp */ = {isa = PBXFileReference; lastKnownFileType = sourcecode.cpp.cpp; path = main.cpp; sourceTree = "<group>"; };
/* End PBXFileReference section */

/* Begin PBXFrameworksBuildPhase section */
		E6B3E4732BD9F2DB0060A707 /* Frameworks */ = {
			isa = PBXFrameworksBuildPhase;
			buildActionMask = 2147483647;
			files = (
			);
			runOnlyForDeploymentPostprocessing = 0;
		};
/* End PBXFrameworksBuildPhase section */

/* Begin PBXGroup section */
		E6B3E46D2BD9F2DB0060A707 = {
			isa = PBXGroup;
			children = (
				E6B3E4782BD9F2DB0060A707 /* Source */,
				E6B3E4772BD9F2DB0060A707 /* Products */,
				E6B3E4852BD9F5800060A707 /* Frameworks */,
			);
			sourceTree = "<group>";
		};
		E6B3E4772BD9F2DB0060A707 /* Products */ = {
			isa = PBXGroup;
			children = (
				E6B3E4762BD9F2DB0060A707 /* occ_track */,
			);
			name = Products;
			sourceTree = "<group>";
		};
		E6B3E4782BD9F2DB0060A707 /* Source */ = {
			isa = PBXGroup;
			children = (
				E6B3E4802BD9F3100060A707 /* occ_track.h */,
				E6F841792BDB3B3500EF1A7E /* main.cpp */,
				E6B3E4812BD9F3100060A707 /* makeSpine.cpp */,
				E636B9DE2BE6FE7E002C1F22 /* makeSurface.cpp */,
				E636B9E12BE6FF99002C1F22 /* makeProfile.cpp */,
				E6B3E4822BD9F3100060A707 /* timeDeriv.cpp */,
			);
			path = Source;
			sourceTree = "<group>";
		};
		E6B3E4852BD9F5800060A707 /* Frameworks */ = {
			isa = PBXGroup;
			children = (
			);
			name = Frameworks;
			sourceTree = "<group>";
		};
/* End PBXGroup section */

/* Begin PBXNativeTarget section */
		E6B3E4752BD9F2DB0060A707 /* occ_track */ = {
			isa = PBXNativeTarget;
			buildConfigurationList = E6B3E47D2BD9F2DB0060A707 /* Build configuration list for PBXNativeTarget "occ_track" */;
			buildPhases = (
				E6B3E4722BD9F2DB0060A707 /* Sources */,
				E6B3E4732BD9F2DB0060A707 /* Frameworks */,
				E6B3E4742BD9F2DB0060A707 /* CopyFiles */,
			);
			buildRules = (
			);
			dependencies = (
			);
			name = occ_track;
			productName = occ_track;
			productReference = E6B3E4762BD9F2DB0060A707 /* occ_track */;
			productType = "com.apple.product-type.tool";
		};
/* End PBXNativeTarget section */

/* Begin PBXProject section */
		E6B3E46E2BD9F2DB0060A707 /* Project object */ = {
			isa = PBXProject;
			attributes = {
				BuildIndependentTargetsInParallel = 1;
				LastUpgradeCheck = 1530;
				TargetAttributes = {
					E6B3E4752BD9F2DB0060A707 = {
						CreatedOnToolsVersion = 15.3;
					};
				};
			};
			buildConfigurationList = E6B3E4712BD9F2DB0060A707 /* Build configuration list for PBXProject "occ_track" */;
			compatibilityVersion = "Xcode 14.0";
			developmentRegion = en;
			hasScannedForEncodings = 0;
			knownRegions = (
				en,
				Base,
			);
			mainGroup = E6B3E46D2BD9F2DB0060A707;
			productRefGroup = E6B3E4772BD9F2DB0060A707 /* Products */;
			projectDirPath = "";
			projectRoot = "";
			targets = (
				E6B3E4752BD9F2DB0060A707 /* occ_track */,
			);
		};
/* End PBXProject section */

/* Begin PBXSourcesBuildPhase section */
		E6B3E4722BD9F2DB0060A707 /* Sources */ = {
			isa = PBXSourcesBuildPhase;
			buildActionMask = 2147483647;
			files = (
				E6B3E4832BD9F3100060A707 /* makeSpine.cpp in Sources */,
				E6B3E4842BD9F3100060A707 /* timeDeriv.cpp in Sources */,
				E6F8417B2BDB3B3500EF1A7E /* main.cpp in Sources */,
				E636B9E02BE6FE7E002C1F22 /* makeSurface.cpp in Sources */,
				E636B9E22BE6FF99002C1F22 /* makeProfile.cpp in Sources */,
			);
			runOnlyForDeploymentPostprocessing = 0;
		};
/* End PBXSourcesBuildPhase section */

/* Begin XCBuildConfiguration section */
		E6B3E47B2BD9F2DB0060A707 /* Debug */ = {
			isa = XCBuildConfiguration;
			buildSettings = {
				ALWAYS_SEARCH_USER_PATHS = NO;
				ASSETCATALOG_COMPILER_GENERATE_SWIFT_ASSET_SYMBOL_EXTENSIONS = YES;
				CLANG_ANALYZER_NONNULL = YES;
				CLANG_ANALYZER_NUMBER_OBJECT_CONVERSION = YES_AGGRESSIVE;
				CLANG_CXX_LANGUAGE_STANDARD = "gnu++20";
				CLANG_ENABLE_MODULES = YES;
				CLANG_ENABLE_OBJC_ARC = YES;
				CLANG_ENABLE_OBJC_WEAK = YES;
				CLANG_WARN_BLOCK_CAPTURE_AUTORELEASING = YES;
				CLANG_WARN_BOOL_CONVERSION = YES;
				CLANG_WARN_COMMA = YES;
				CLANG_WARN_CONSTANT_CONVERSION = YES;
				CLANG_WARN_DEPRECATED_OBJC_IMPLEMENTATIONS = YES;
				CLANG_WARN_DIRECT_OBJC_ISA_USAGE = YES_ERROR;
				CLANG_WARN_DOCUMENTATION_COMMENTS = YES;
				CLANG_WARN_EMPTY_BODY = YES;
				CLANG_WARN_ENUM_CONVERSION = YES;
				CLANG_WARN_INFINITE_RECURSION = YES;
				CLANG_WARN_INT_CONVERSION = YES;
				CLANG_WARN_NON_LITERAL_NULL_CONVERSION = YES;
				CLANG_WARN_OBJC_IMPLICIT_RETAIN_SELF = YES;
				CLANG_WARN_OBJC_LITERAL_CONVERSION = YES;
				CLANG_WARN_OBJC_ROOT_CLASS = YES_ERROR;
				CLANG_WARN_QUOTED_INCLUDE_IN_FRAMEWORK_HEADER = YES;
				CLANG_WARN_RANGE_LOOP_ANALYSIS = YES;
				CLANG_WARN_STRICT_PROTOTYPES = YES;
				CLANG_WARN_SUSPICIOUS_MOVE = YES;
				CLANG_WARN_UNGUARDED_AVAILABILITY = YES_AGGRESSIVE;
				CLANG_WARN_UNREACHABLE_CODE = YES;
				CLANG_WARN__DUPLICATE_METHOD_MATCH = YES;
				COPY_PHASE_STRIP = NO;
				DEBUG_INFORMATION_FORMAT = dwarf;
				ENABLE_STRICT_OBJC_MSGSEND = YES;
				ENABLE_TESTABILITY = YES;
				ENABLE_USER_SCRIPT_SANDBOXING = YES;
				GCC_C_LANGUAGE_STANDARD = gnu17;
				GCC_DYNAMIC_NO_PIC = NO;
				GCC_NO_COMMON_BLOCKS = YES;
				GCC_OPTIMIZATION_LEVEL = 0;
				GCC_PREPROCESSOR_DEFINITIONS = (
					"DEBUG=1",
					"$(inherited)",
				);
				GCC_WARN_64_TO_32_BIT_CONVERSION = YES;
				GCC_WARN_ABOUT_RETURN_TYPE = YES_ERROR;
				GCC_WARN_UNDECLARED_SELECTOR = YES;
				GCC_WARN_UNINITIALIZED_AUTOS = YES_AGGRESSIVE;
				GCC_WARN_UNUSED_FUNCTION = YES;
				GCC_WARN_UNUSED_VARIABLE = YES;
				HOMEBREW = /usr/local/;
				LOCALIZATION_PREFERS_STRING_CATALOGS = YES;
				MACOSX_DEPLOYMENT_TARGET = 14.4;
				MTL_ENABLE_DEBUG_INFO = INCLUDE_SOURCE;
				MTL_FAST_MATH = YES;
				ONLY_ACTIVE_ARCH = YES;
				SDKROOT = macosx;
			};
			name = Debug;
		};
		E6B3E47C2BD9F2DB0060A707 /* Release */ = {
			isa = XCBuildConfiguration;
			buildSettings = {
				ALWAYS_SEARCH_USER_PATHS = NO;
				ASSETCATALOG_COMPILER_GENERATE_SWIFT_ASSET_SYMBOL_EXTENSIONS = YES;
				CLANG_ANALYZER_NONNULL = YES;
				CLANG_ANALYZER_NUMBER_OBJECT_CONVERSION = YES_AGGRESSIVE;
				CLANG_CXX_LANGUAGE_STANDARD = "gnu++20";
				CLANG_ENABLE_MODULES = YES;
				CLANG_ENABLE_OBJC_ARC = YES;
				CLANG_ENABLE_OBJC_WEAK = YES;
				CLANG_WARN_BLOCK_CAPTURE_AUTORELEASING = YES;
				CLANG_WARN_BOOL_CONVERSION = YES;
				CLANG_WARN_COMMA = YES;
				CLANG_WARN_CONSTANT_CONVERSION = YES;
				CLANG_WARN_DEPRECATED_OBJC_IMPLEMENTATIONS = YES;
				CLANG_WARN_DIRECT_OBJC_ISA_USAGE = YES_ERROR;
				CLANG_WARN_DOCUMENTATION_COMMENTS = YES;
				CLANG_WARN_EMPTY_BODY = YES;
				CLANG_WARN_ENUM_CONVERSION = YES;
				CLANG_WARN_INFINITE_RECURSION = YES;
				CLANG_WARN_INT_CONVERSION = YES;
				CLANG_WARN_NON_LITERAL_NULL_CONVERSION = YES;
				CLANG_WARN_OBJC_IMPLICIT_RETAIN_SELF = YES;
				CLANG_WARN_OBJC_LITERAL_CONVERSION = YES;
				CLANG_WARN_OBJC_ROOT_CLASS = YES_ERROR;
				CLANG_WARN_QUOTED_INCLUDE_IN_FRAMEWORK_HEADER = YES;
				CLANG_WARN_RANGE_LOOP_ANALYSIS = YES;
				CLANG_WARN_STRICT_PROTOTYPES = YES;
				CLANG_WARN_SUSPICIOUS_MOVE = YES;
				CLANG_WARN_UNGUARDED_AVAILABILITY = YES_AGGRESSIVE;
				CLANG_WARN_UNREACHABLE_CODE = YES;
				CLANG_WARN__DUPLICATE_METHOD_MATCH = YES;
				COPY_PHASE_STRIP = NO;
				DEBUG_INFORMATION_FORMAT = "dwarf-with-dsym";
				ENABLE_NS_ASSERTIONS = NO;
				ENABLE_STRICT_OBJC_MSGSEND = YES;
				ENABLE_USER_SCRIPT_SANDBOXING = YES;
				GCC_C_LANGUAGE_STANDARD = gnu17;
				GCC_NO_COMMON_BLOCKS = YES;
				GCC_WARN_64_TO_32_BIT_CONVERSION = YES;
				GCC_WARN_ABOUT_RETURN_TYPE = YES_ERROR;
				GCC_WARN_UNDECLARED_SELECTOR = YES;
				GCC_WARN_UNINITIALIZED_AUTOS = YES_AGGRESSIVE;
				GCC_WARN_UNUSED_FUNCTION = YES;
				GCC_WARN_UNUSED_VARIABLE = YES;
				HOMEBREW = /usr/local/;
				LOCALIZATION_PREFERS_STRING_CATALOGS = YES;
				MACOSX_DEPLOYMENT_TARGET = 14.4;
				MTL_ENABLE_DEBUG_INFO = NO;
				MTL_FAST_MATH = YES;
				SDKROOT = macosx;
			};
			name = Release;
		};
		E6B3E47E2BD9F2DB0060A707 /* Debug */ = {
			isa = XCBuildConfiguration;
			buildSettings = {
				CODE_SIGN_STYLE = Automatic;
				HEADER_SEARCH_PATHS = (
					"${HOMEBREW}/include/opencascade",
					"${HOMEBREW}/include/blitz",
					"${HOMEBREW}/include",
				);
				HOMEBREW = /usr/local/;
				LIBRARY_SEARCH_PATHS = (
					"$(inherited)",
					"${HOMEBREW}/lib",
				);
				OTHER_LDFLAGS = (
					"-lTKBin",
					"-lTKBinL",
					"-lTKBinTObj",
					"-lTKBinXCAF",
					"-lTKBO",
					"-lTKBool",
					"-lTKBRep",
					"-lTKCAF",
					"-lTKCDF",
					"-lTKDCAF",
					"-lTKDE",
					"-lTKDECascade",
					"-lTKDEGLTF",
					"-lTKDEIGES",
					"-lTKDEOBJ",
					"-lTKDEPLY",
					"-lTKDESTEP",
					"-lTKDESTL",
					"-lTKDEVRML",
					"-lTKDraw",
					"-lTKernel",
					"-lTKExpress",
					"-lTKFeat",
					"-lTKFillet",
					"-lTKG2d",
					"-lTKG3d",
					"-lTKGeomAlgo",
					"-lTKGeomBase",
					"-lTKHLR",
					"-lTKLCAF",
					"-lTKMath",
					"-lTKMesh",
					"-lTKMeshVS",
					"-lTKOffset",
					"-lTKOpenGl",
					"-lTKOpenGlTest",
					"-lTKPrim",
					"-lTKQADraw",
					"-lTKRWMesh",
					"-lTKService",
					"-lTKShHealing",
					"-lTKStd",
					"-lTKStdL",
					"-lTKTObj",
					"-lTKTObjDRAW",
					"-lTKTopAlgo",
					"-lTKTopTest",
					"-lTKV3d",
					"-lTKVCAF",
					"-lTKViewerTest",
					"-lTKXCAF",
					"-lTKXDEDRAW",
					"-lTKXMesh",
					"-lTKXml",
					"-lTKXmlL",
					"-lTKXmlTObj",
					"-lTKXmlXCAF",
					"-lTKXSBase",
					"-lTKXSDRAW",
					"-lTKXSDRAWDE",
					"-lTKXSDRAWGLTF",
					"-lTKXSDRAWIGES",
					"-lTKXSDRAWOBJ",
					"-lTKXSDRAWPLY",
					"-lTKXSDRAWSTEP",
					"-lTKXSDRAWSTL",
					"-lTKXSDRAWVRML",
				);
				PRODUCT_NAME = "$(TARGET_NAME)";
			};
			name = Debug;
		};
		E6B3E47F2BD9F2DB0060A707 /* Release */ = {
			isa = XCBuildConfiguration;
			buildSettings = {
				CODE_SIGN_STYLE = Automatic;
				HEADER_SEARCH_PATHS = (
					"${HOMEBREW}/include/opencascade",
					"${HOMEBREW}/include/blitz",
					"${HOMEBREW}/include",
				);
				HOMEBREW = /usr/local/;
				LIBRARY_SEARCH_PATHS = (
					"$(inherited)",
					"${HOMEBREW}/lib",
				);
				OTHER_LDFLAGS = (
					"-lTKBin",
					"-lTKBinL",
					"-lTKBinTObj",
					"-lTKBinXCAF",
					"-lTKBO",
					"-lTKBool",
					"-lTKBRep",
					"-lTKCAF",
					"-lTKCDF",
					"-lTKDCAF",
					"-lTKDE",
					"-lTKDECascade",
					"-lTKDEGLTF",
					"-lTKDEIGES",
					"-lTKDEOBJ",
					"-lTKDEPLY",
					"-lTKDESTEP",
					"-lTKDESTL",
					"-lTKDEVRML",
					"-lTKDraw",
					"-lTKernel",
					"-lTKExpress",
					"-lTKFeat",
					"-lTKFillet",
					"-lTKG2d",
					"-lTKG3d",
					"-lTKGeomAlgo",
					"-lTKGeomBase",
					"-lTKHLR",
					"-lTKLCAF",
					"-lTKMath",
					"-lTKMesh",
					"-lTKMeshVS",
					"-lTKOffset",
					"-lTKOpenGl",
					"-lTKOpenGlTest",
					"-lTKPrim",
					"-lTKQADraw",
					"-lTKRWMesh",
					"-lTKService",
					"-lTKShHealing",
					"-lTKStd",
					"-lTKStdL",
					"-lTKTObj",
					"-lTKTObjDRAW",
					"-lTKTopAlgo",
					"-lTKTopTest",
					"-lTKV3d",
					"-lTKVCAF",
					"-lTKViewerTest",
					"-lTKXCAF",
					"-lTKXDEDRAW",
					"-lTKXMesh",
					"-lTKXml",
					"-lTKXmlL",
					"-lTKXmlTObj",
					"-lTKXmlXCAF",
					"-lTKXSBase",
					"-lTKXSDRAW",
					"-lTKXSDRAWDE",
					"-lTKXSDRAWGLTF",
					"-lTKXSDRAWIGES",
					"-lTKXSDRAWOBJ",
					"-lTKXSDRAWPLY",
					"-lTKXSDRAWSTEP",
					"-lTKXSDRAWSTL",
					"-lTKXSDRAWVRML",
				);
				PRODUCT_NAME = "$(TARGET_NAME)";
			};
			name = Release;
		};
/* End XCBuildConfiguration section */

/* Begin XCConfigurationList section */
		E6B3E4712BD9F2DB0060A707 /* Build configuration list for PBXProject "occ_track" */ = {
			isa = XCConfigurationList;
			buildConfigurations = (
				E6B3E47B2BD9F2DB0060A707 /* Debug */,
				E6B3E47C2BD9F2DB0060A707 /* Release */,
			);
			defaultConfigurationIsVisible = 0;
			defaultConfigurationName = Release;
		};
		E6B3E47D2BD9F2DB0060A707 /* Build configuration list for PBXNativeTarget "occ_track" */ = {
			isa = XCConfigurationList;
			buildConfigurations = (
				E6B3E47E2BD9F2DB0060A707 /* Debug */,
				E6B3E47F2BD9F2DB0060A707 /* Release */,
			);
			defaultConfigurationIsVisible = 0;
			defaultConfigurationName = Release;
		};
/* End XCConfigurationList section */
	};
	rootObject = E6B3E46E2BD9F2DB0060A707 /* Project object */;
}
